
Microsoft Visual Studio Solution File, Format Version 12.00
# Visual Studio Version 17
VisualStudioVersion = 17.0.31903.59
MinimumVisualStudioVersion = 10.0.40219.1
Project("{FAE04EC0-301F-11D3-BF4B-00C04F79EFBC}") = "MAUIEssentials", "MAUIEssentials\MAUIEssentials.csproj", "{13E6FB62-B036-4942-9A3C-1300C43B6072}"
EndProject
Project("{FAE04EC0-301F-11D3-BF4B-00C04F79EFBC}") = "MAUIEssentialsApp", "MAUIEssentialsApp\MAUIEssentialsApp.csproj", "{3629FD9C-AB93-4405-B283-5F22FDAAA7DC}"
EndProject
Global
	GlobalSection(SolutionConfigurationPlatforms) = preSolution
		Debug|Any CPU = Debug|Any CPU
		Release|Any CPU = Release|Any CPU
	EndGlobalSection
	GlobalSection(ProjectConfigurationPlatforms) = postSolution
		{13E6FB62-B036-4942-9A3C-1300C43B6072}.Debug|Any CPU.ActiveCfg = Debug|Any CPU
		{13E6FB62-B036-4942-9A3C-1300C43B6072}.Debug|Any CPU.Build.0 = Debug|Any CPU
		{13E6FB62-B036-4942-9A3C-1300C43B6072}.Release|Any CPU.ActiveCfg = Release|Any CPU
		{13E6FB62-B036-4942-9A3C-1300C43B6072}.Release|Any CPU.Build.0 = Release|Any CPU
		{3629FD9C-AB93-4405-B283-5F22FDAAA7DC}.Debug|Any CPU.ActiveCfg = Debug|Any CPU
		{3629FD9C-AB93-4405-B283-5F22FDAAA7DC}.Debug|Any CPU.Build.0 = Debug|Any CPU
		{3629FD9C-AB93-4405-B283-5F22FDAAA7DC}.Release|Any CPU.ActiveCfg = Release|Any CPU
		{3629FD9C-AB93-4405-B283-5F22FDAAA7DC}.Release|Any CPU.Build.0 = Release|Any CPU
	EndGlobalSection
	GlobalSection(SolutionProperties) = preSolution
		HideSolutionNode = FALSE
	EndGlobalSection
EndGlobal
